
Microsoft Visual Studio Solution File, Format Version 12.00
# Visual Studio 15
VisualStudioVersion = 15.0.27703.2042
MinimumVisualStudioVersion = 10.0.40219.1
Project("{8BC9CEB8-8B4A-11D0-8D11-00A0C91BC942}") = "test", "test\test.vcxproj", "{E7D66368-B98B-498D-A087-4176F1C08C35}"
EndProject
Project("{8BC9CEB8-8B4A-11D0-8D11-00A0C91BC942}") = "B1001", "B1001\B1001.vcxproj", "{F1709F77-C820-4392-B648-677557808D65}"
EndProject
Project("{8BC9CEB8-8B4A-11D0-8D11-00A0C91BC942}") = "B1032", "B1032\B1032.vcxproj", "{115F35F6-5A29-47B2-AA94-A9B917DAE7C3}"
EndProject
Project("{8BC9CEB8-8B4A-11D0-8D11-00A0C91BC942}") = "B1036", "B1036\B1036.vcxproj", "{105891F4-608E-4901-B99F-02D63EA4F7AF}"
EndProject
Global
	GlobalSection(SolutionConfigurationPlatforms) = preSolution
		Debug|x64 = Debug|x64
		Debug|x86 = Debug|x86
		Release|x64 = Release|x64
		Release|x86 = Release|x86
	EndGlobalSection
	GlobalSection(ProjectConfigurationPlatforms) = postSolution
		{E7D66368-B98B-498D-A087-4176F1C08C35}.Debug|x64.ActiveCfg = Debug|x64
		{E7D66368-B98B-498D-A087-4176F1C08C35}.Debug|x64.Build.0 = Debug|x64
		{E7D66368-B98B-498D-A087-4176F1C08C35}.Debug|x86.ActiveCfg = Debug|Win32
		{E7D66368-B98B-498D-A087-4176F1C08C35}.Debug|x86.Build.0 = Debug|Win32
		{E7D66368-B98B-498D-A087-4176F1C08C35}.Release|x64.ActiveCfg = Release|x64
		{E7D66368-B98B-498D-A087-4176F1C08C35}.Release|x64.Build.0 = Release|x64
		{E7D66368-B98B-498D-A087-4176F1C08C35}.Release|x86.ActiveCfg = Release|Win32
		{E7D66368-B98B-498D-A087-4176F1C08C35}.Release|x86.Build.0 = Release|Win32
		{F1709F77-C820-4392-B648-677557808D65}.Debug|x64.ActiveCfg = Debug|x64
		{F1709F77-C820-4392-B648-677557808D65}.Debug|x64.Build.0 = Debug|x64
		{F1709F77-C820-4392-B648-677557808D65}.Debug|x86.ActiveCfg = Debug|Win32
		{F1709F77-C820-4392-B648-677557808D65}.Debug|x86.Build.0 = Debug|Win32
		{F1709F77-C820-4392-B648-677557808D65}.Release|x64.ActiveCfg = Release|x64
		{F1709F77-C820-4392-B648-677557808D65}.Release|x64.Build.0 = Release|x64
		{F1709F77-C820-4392-B648-677557808D65}.Release|x86.ActiveCfg = Release|Win32
		{F1709F77-C820-4392-B648-677557808D65}.Release|x86.Build.0 = Release|Win32
		{115F35F6-5A29-47B2-AA94-A9B917DAE7C3}.Debug|x64.ActiveCfg = Debug|x64
		{115F35F6-5A29-47B2-AA94-A9B917DAE7C3}.Debug|x64.Build.0 = Debug|x64
		{115F35F6-5A29-47B2-AA94-A9B917DAE7C3}.Debug|x86.ActiveCfg = Debug|Win32
		{115F35F6-5A29-47B2-AA94-A9B917DAE7C3}.Debug|x86.Build.0 = Debug|Win32
		{115F35F6-5A29-47B2-AA94-A9B917DAE7C3}.Release|x64.ActiveCfg = Release|x64
		{115F35F6-5A29-47B2-AA94-A9B917DAE7C3}.Release|x64.Build.0 = Release|x64
		{115F35F6-5A29-47B2-AA94-A9B917DAE7C3}.Release|x86.ActiveCfg = Release|Win32
		{115F35F6-5A29-47B2-AA94-A9B917DAE7C3}.Release|x86.Build.0 = Release|Win32
		{105891F4-608E-4901-B99F-02D63EA4F7AF}.Debug|x64.ActiveCfg = Debug|x64
		{105891F4-608E-4901-B99F-02D63EA4F7AF}.Debug|x64.Build.0 = Debug|x64
		{105891F4-608E-4901-B99F-02D63EA4F7AF}.Debug|x86.ActiveCfg = Debug|Win32
		{105891F4-608E-4901-B99F-02D63EA4F7AF}.Debug|x86.Build.0 = Debug|Win32
		{105891F4-608E-4901-B99F-02D63EA4F7AF}.Release|x64.ActiveCfg = Release|x64
		{105891F4-608E-4901-B99F-02D63EA4F7AF}.Release|x64.Build.0 = Release|x64
		{105891F4-608E-4901-B99F-02D63EA4F7AF}.Release|x86.ActiveCfg = Release|Win32
		{105891F4-608E-4901-B99F-02D63EA4F7AF}.Release|x86.Build.0 = Release|Win32
	EndGlobalSection
	GlobalSection(SolutionProperties) = preSolution
		HideSolutionNode = FALSE
	EndGlobalSection
	GlobalSection(ExtensibilityGlobals) = postSolution
		SolutionGuid = {05494513-5CA8-465B-96C4-0F6D11DAB881}
	EndGlobalSection
EndGlobal
