
Microsoft Visual Studio Solution File, Format Version 12.00
# Visual Studio 15
VisualStudioVersion = 15.0.27703.2042
MinimumVisualStudioVersion = 10.0.40219.1
Project("{8BC9CEB8-8B4A-11D0-8D11-00A0C91BC942}") = "B1011", "B1011\B1011.vcxproj", "{606FCAFE-3698-4C7F-9DD4-38BA971E54AD}"
EndProject
Project("{8BC9CEB8-8B4A-11D0-8D11-00A0C91BC942}") = "B1016", "B1016\B1016.vcxproj", "{8DA4CD8A-3A9D-4AA1-B3A1-F54AE66C0660}"
EndProject
Project("{8BC9CEB8-8B4A-11D0-8D11-00A0C91BC942}") = "B1026", "B1026\B1026.vcxproj", "{7FBF60D0-0A58-45AB-91CF-BC61B03858B0}"
EndProject
Project("{8BC9CEB8-8B4A-11D0-8D11-00A0C91BC942}") = "B1046", "B1046\B1046.vcxproj", "{1D9A1CE7-062D-4971-A061-CA66D0ABFD8F}"
EndProject
Project("{8BC9CEB8-8B4A-11D0-8D11-00A0C91BC942}") = "B1008", "B1008\B1008.vcxproj", "{67AC36C3-5831-455D-B604-9256AB6DE06F}"
EndProject
Project("{8BC9CEB8-8B4A-11D0-8D11-00A0C91BC942}") = "A1025", "A1025\A1025.vcxproj", "{9C361E2C-72E2-4E14-AD62-314ADAF6ECB5}"
EndProject
Project("{8BC9CEB8-8B4A-11D0-8D11-00A0C91BC942}") = "B1020", "B1020\B1020.vcxproj", "{D00DB077-CFD5-4D6A-A013-080D14C3D1E3}"
EndProject
Project("{8BC9CEB8-8B4A-11D0-8D11-00A0C91BC942}") = "B1023", "B1023\B1023.vcxproj", "{6D726476-707B-440B-ABA9-22026B330EF3}"
EndProject
Project("{8BC9CEB8-8B4A-11D0-8D11-00A0C91BC942}") = "A1093_B1040", "A1093_B1040\A1093_B1040.vcxproj", "{3F0E293D-0247-4DBB-BA31-E789EFE4397F}"
EndProject
Global
	GlobalSection(SolutionConfigurationPlatforms) = preSolution
		Debug|x64 = Debug|x64
		Debug|x86 = Debug|x86
		Release|x64 = Release|x64
		Release|x86 = Release|x86
	EndGlobalSection
	GlobalSection(ProjectConfigurationPlatforms) = postSolution
		{606FCAFE-3698-4C7F-9DD4-38BA971E54AD}.Debug|x64.ActiveCfg = Debug|x64
		{606FCAFE-3698-4C7F-9DD4-38BA971E54AD}.Debug|x64.Build.0 = Debug|x64
		{606FCAFE-3698-4C7F-9DD4-38BA971E54AD}.Debug|x86.ActiveCfg = Debug|Win32
		{606FCAFE-3698-4C7F-9DD4-38BA971E54AD}.Debug|x86.Build.0 = Debug|Win32
		{606FCAFE-3698-4C7F-9DD4-38BA971E54AD}.Release|x64.ActiveCfg = Release|x64
		{606FCAFE-3698-4C7F-9DD4-38BA971E54AD}.Release|x64.Build.0 = Release|x64
		{606FCAFE-3698-4C7F-9DD4-38BA971E54AD}.Release|x86.ActiveCfg = Release|Win32
		{606FCAFE-3698-4C7F-9DD4-38BA971E54AD}.Release|x86.Build.0 = Release|Win32
		{8DA4CD8A-3A9D-4AA1-B3A1-F54AE66C0660}.Debug|x64.ActiveCfg = Debug|x64
		{8DA4CD8A-3A9D-4AA1-B3A1-F54AE66C0660}.Debug|x64.Build.0 = Debug|x64
		{8DA4CD8A-3A9D-4AA1-B3A1-F54AE66C0660}.Debug|x86.ActiveCfg = Debug|Win32
		{8DA4CD8A-3A9D-4AA1-B3A1-F54AE66C0660}.Debug|x86.Build.0 = Debug|Win32
		{8DA4CD8A-3A9D-4AA1-B3A1-F54AE66C0660}.Release|x64.ActiveCfg = Release|x64
		{8DA4CD8A-3A9D-4AA1-B3A1-F54AE66C0660}.Release|x64.Build.0 = Release|x64
		{8DA4CD8A-3A9D-4AA1-B3A1-F54AE66C0660}.Release|x86.ActiveCfg = Release|Win32
		{8DA4CD8A-3A9D-4AA1-B3A1-F54AE66C0660}.Release|x86.Build.0 = Release|Win32
		{7FBF60D0-0A58-45AB-91CF-BC61B03858B0}.Debug|x64.ActiveCfg = Debug|x64
		{7FBF60D0-0A58-45AB-91CF-BC61B03858B0}.Debug|x64.Build.0 = Debug|x64
		{7FBF60D0-0A58-45AB-91CF-BC61B03858B0}.Debug|x86.ActiveCfg = Debug|Win32
		{7FBF60D0-0A58-45AB-91CF-BC61B03858B0}.Debug|x86.Build.0 = Debug|Win32
		{7FBF60D0-0A58-45AB-91CF-BC61B03858B0}.Release|x64.ActiveCfg = Release|x64
		{7FBF60D0-0A58-45AB-91CF-BC61B03858B0}.Release|x64.Build.0 = Release|x64
		{7FBF60D0-0A58-45AB-91CF-BC61B03858B0}.Release|x86.ActiveCfg = Release|Win32
		{7FBF60D0-0A58-45AB-91CF-BC61B03858B0}.Release|x86.Build.0 = Release|Win32
		{1D9A1CE7-062D-4971-A061-CA66D0ABFD8F}.Debug|x64.ActiveCfg = Debug|x64
		{1D9A1CE7-062D-4971-A061-CA66D0ABFD8F}.Debug|x64.Build.0 = Debug|x64
		{1D9A1CE7-062D-4971-A061-CA66D0ABFD8F}.Debug|x86.ActiveCfg = Debug|Win32
		{1D9A1CE7-062D-4971-A061-CA66D0ABFD8F}.Debug|x86.Build.0 = Debug|Win32
		{1D9A1CE7-062D-4971-A061-CA66D0ABFD8F}.Release|x64.ActiveCfg = Release|x64
		{1D9A1CE7-062D-4971-A061-CA66D0ABFD8F}.Release|x64.Build.0 = Release|x64
		{1D9A1CE7-062D-4971-A061-CA66D0ABFD8F}.Release|x86.ActiveCfg = Release|Win32
		{1D9A1CE7-062D-4971-A061-CA66D0ABFD8F}.Release|x86.Build.0 = Release|Win32
		{67AC36C3-5831-455D-B604-9256AB6DE06F}.Debug|x64.ActiveCfg = Debug|x64
		{67AC36C3-5831-455D-B604-9256AB6DE06F}.Debug|x64.Build.0 = Debug|x64
		{67AC36C3-5831-455D-B604-9256AB6DE06F}.Debug|x86.ActiveCfg = Debug|Win32
		{67AC36C3-5831-455D-B604-9256AB6DE06F}.Debug|x86.Build.0 = Debug|Win32
		{67AC36C3-5831-455D-B604-9256AB6DE06F}.Release|x64.ActiveCfg = Release|x64
		{67AC36C3-5831-455D-B604-9256AB6DE06F}.Release|x64.Build.0 = Release|x64
		{67AC36C3-5831-455D-B604-9256AB6DE06F}.Release|x86.ActiveCfg = Release|Win32
		{67AC36C3-5831-455D-B604-9256AB6DE06F}.Release|x86.Build.0 = Release|Win32
		{9C361E2C-72E2-4E14-AD62-314ADAF6ECB5}.Debug|x64.ActiveCfg = Debug|x64
		{9C361E2C-72E2-4E14-AD62-314ADAF6ECB5}.Debug|x64.Build.0 = Debug|x64
		{9C361E2C-72E2-4E14-AD62-314ADAF6ECB5}.Debug|x86.ActiveCfg = Debug|Win32
		{9C361E2C-72E2-4E14-AD62-314ADAF6ECB5}.Debug|x86.Build.0 = Debug|Win32
		{9C361E2C-72E2-4E14-AD62-314ADAF6ECB5}.Release|x64.ActiveCfg = Release|x64
		{9C361E2C-72E2-4E14-AD62-314ADAF6ECB5}.Release|x64.Build.0 = Release|x64
		{9C361E2C-72E2-4E14-AD62-314ADAF6ECB5}.Release|x86.ActiveCfg = Release|Win32
		{9C361E2C-72E2-4E14-AD62-314ADAF6ECB5}.Release|x86.Build.0 = Release|Win32
		{D00DB077-CFD5-4D6A-A013-080D14C3D1E3}.Debug|x64.ActiveCfg = Debug|x64
		{D00DB077-CFD5-4D6A-A013-080D14C3D1E3}.Debug|x64.Build.0 = Debug|x64
		{D00DB077-CFD5-4D6A-A013-080D14C3D1E3}.Debug|x86.ActiveCfg = Debug|Win32
		{D00DB077-CFD5-4D6A-A013-080D14C3D1E3}.Debug|x86.Build.0 = Debug|Win32
		{D00DB077-CFD5-4D6A-A013-080D14C3D1E3}.Release|x64.ActiveCfg = Release|x64
		{D00DB077-CFD5-4D6A-A013-080D14C3D1E3}.Release|x64.Build.0 = Release|x64
		{D00DB077-CFD5-4D6A-A013-080D14C3D1E3}.Release|x86.ActiveCfg = Release|Win32
		{D00DB077-CFD5-4D6A-A013-080D14C3D1E3}.Release|x86.Build.0 = Release|Win32
		{6D726476-707B-440B-ABA9-22026B330EF3}.Debug|x64.ActiveCfg = Debug|x64
		{6D726476-707B-440B-ABA9-22026B330EF3}.Debug|x64.Build.0 = Debug|x64
		{6D726476-707B-440B-ABA9-22026B330EF3}.Debug|x86.ActiveCfg = Debug|Win32
		{6D726476-707B-440B-ABA9-22026B330EF3}.Debug|x86.Build.0 = Debug|Win32
		{6D726476-707B-440B-ABA9-22026B330EF3}.Release|x64.ActiveCfg = Release|x64
		{6D726476-707B-440B-ABA9-22026B330EF3}.Release|x64.Build.0 = Release|x64
		{6D726476-707B-440B-ABA9-22026B330EF3}.Release|x86.ActiveCfg = Release|Win32
		{6D726476-707B-440B-ABA9-22026B330EF3}.Release|x86.Build.0 = Release|Win32
		{3F0E293D-0247-4DBB-BA31-E789EFE4397F}.Debug|x64.ActiveCfg = Debug|x64
		{3F0E293D-0247-4DBB-BA31-E789EFE4397F}.Debug|x64.Build.0 = Debug|x64
		{3F0E293D-0247-4DBB-BA31-E789EFE4397F}.Debug|x86.ActiveCfg = Debug|Win32
		{3F0E293D-0247-4DBB-BA31-E789EFE4397F}.Debug|x86.Build.0 = Debug|Win32
		{3F0E293D-0247-4DBB-BA31-E789EFE4397F}.Release|x64.ActiveCfg = Release|x64
		{3F0E293D-0247-4DBB-BA31-E789EFE4397F}.Release|x64.Build.0 = Release|x64
		{3F0E293D-0247-4DBB-BA31-E789EFE4397F}.Release|x86.ActiveCfg = Release|Win32
		{3F0E293D-0247-4DBB-BA31-E789EFE4397F}.Release|x86.Build.0 = Release|Win32
	EndGlobalSection
	GlobalSection(SolutionProperties) = preSolution
		HideSolutionNode = FALSE
	EndGlobalSection
	GlobalSection(ExtensibilityGlobals) = postSolution
		SolutionGuid = {05494513-5CA8-465B-96C4-0F6D11DAB881}
	EndGlobalSection
EndGlobal
